{
  "name": "zbra-vs-code-theme",
  "version": "0.0.2",
  "lockfileVersion": 2,
  "requires": true,
  "packages": {
    "": {
      "name": "zbra-vs-code-theme",
      "version": "0.0.2",
      "dependencies": {
        "color-steps": "^1.0.2"
      },
      "engines": {
        "vscode": "^1.70.0"
      }
    },
    "node_modules/color-steps": {
      "version": "1.0.2",
      "resolved": "https://registry.npmjs.org/color-steps/-/color-steps-1.0.2.tgz",
      "integrity": "sha512-Pj8QfvoFakPb6kPcovfbJzoxPObzYUj7XhNCO2xiC7z8TdjOoMNwMOyIa2nLFP6JKssnAHAfI8EaqhaJg3uWVg==",
      "dependencies": {
        "onecolor": "^3.0.5"
      },
      "bin": {
        "color-steps": "cli.js"
      },
      "engines": {
        "node": ">=6.12.2"
      }
    },
    "node_modules/onecolor": {
      "version": "3.1.0",
      "resolved": "https://registry.npmjs.org/onecolor/-/onecolor-3.1.0.tgz",
      "integrity": "sha512-YZSypViXzu3ul5LMu/m6XjJ9ol8qAy9S2VjHl5E6UlhUH1KGKWabyEJifn0Jjpw23bYDzC2ucKMPGiH5kfwSGQ==",
      "engines": {
        "node": ">=0.4.8"
      }
    }
  },
  "dependencies": {
    "color-steps": {
      "version": "1.0.2",
      "resolved": "https://registry.npmjs.org/color-steps/-/color-steps-1.0.2.tgz",
      "integrity": "sha512-Pj8QfvoFakPb6kPcovfbJzoxPObzYUj7XhNCO2xiC7z8TdjOoMNwMOyIa2nLFP6JKssnAHAfI8EaqhaJg3uWVg==",
      "requires": {
        "onecolor": "^3.0.5"
      }
    },
    "onecolor": {
      "version": "3.1.0",
      "resolved": "https://registry.npmjs.org/onecolor/-/onecolor-3.1.0.tgz",
      "integrity": "sha512-YZSypViXzu3ul5LMu/m6XjJ9ol8qAy9S2VjHl5E6UlhUH1KGKWabyEJifn0Jjpw23bYDzC2ucKMPGiH5kfwSGQ=="
    }
  }
}
